# THIS IS AN AUTOGENERATED FILE. DO NOT EDIT THIS FILE DIRECTLY.
# yarn lockfile v1


"@csstools/convert-colors@^1.4.0":
  version "1.4.0"
  resolved "https://registry.yarnpkg.com/@csstools/convert-colors/-/convert-colors-1.4.0.tgz#ad495dc41b12e75d588c6db8b9834f08fa131eb7"

ansi-regex@^2.0.0:
  version "2.1.1"
  resolved "https://registry.yarnpkg.com/ansi-regex/-/ansi-regex-2.1.1.tgz#c3b33ab5ee360d86e0e628f0468ae7ef27d654df"

ansi-styles@^2.2.1:
  version "2.2.1"
  resolved "https://registry.yarnpkg.com/ansi-styles/-/ansi-styles-2.2.1.tgz#b432dd3358b634cf75e1e4664368240533c1ddbe"

ansi-styles@^3.1.0:
  version "3.2.0"
  resolved "https://registry.yarnpkg.com/ansi-styles/-/ansi-styles-3.2.0.tgz#c159b8d5be0f9e5a6f346dab94f16ce022161b88"
  dependencies:
    color-convert "^1.9.0"

ansi-styles@^3.2.1:
  version "3.2.1"
  resolved "https://registry.yarnpkg.com/ansi-styles/-/ansi-styles-3.2.1.tgz#41fbb20243e50b12be0f04b8dedbf07520ce841d"
  dependencies:
    color-convert "^1.9.0"

argparse@^1.0.7:
  version "1.0.9"
  resolved "https://registry.yarnpkg.com/argparse/-/argparse-1.0.9.tgz#73d83bc263f86e97f8cc4f6bae1b0e90a7d22c86"
  dependencies:
    sprintf-js "~1.0.2"

array-union@^1.0.1:
  version "1.0.2"
  resolved "https://registry.yarnpkg.com/array-union/-/array-union-1.0.2.tgz#9a34410e4f4e3da23dea375be5be70f24778ec39"
  dependencies:
    array-uniq "^1.0.1"

array-uniq@^1.0.1:
  version "1.0.3"
  resolved "https://registry.yarnpkg.com/array-uniq/-/array-uniq-1.0.3.tgz#af6ac877a25cc7f74e058894753858dfdb24fdb6"

autoprefixer@^8.6.5:
  version "8.6.5"
  resolved "https://registry.yarnpkg.com/autoprefixer/-/autoprefixer-8.6.5.tgz#343f3d193ed568b3208e00117a1b96eb691d4ee9"
  dependencies:
    browserslist "^3.2.8"
    caniuse-lite "^1.0.30000864"
    normalize-range "^0.1.2"
    num2fraction "^1.2.2"
    postcss "^6.0.23"
    postcss-value-parser "^3.2.3"

balanced-match@^0.4.2:
  version "0.4.2"
  resolved "https://registry.yarnpkg.com/balanced-match/-/balanced-match-0.4.2.tgz#cb3f3e3c732dc0f01ee70b403f302e61d7709838"

balanced-match@^1.0.0:
  version "1.0.0"
  resolved "https://registry.yarnpkg.com/balanced-match/-/balanced-match-1.0.0.tgz#89b4d199ab2bee49de164ea02b89ce462d71b767"

bindings@~1.2.1:
  version "1.2.1"
  resolved "https://registry.yarnpkg.com/bindings/-/bindings-1.2.1.tgz#14ad6113812d2d37d72e67b4cacb4bb726505f11"

brace-expansion@^1.1.7:
  version "1.1.8"
  resolved "https://registry.yarnpkg.com/brace-expansion/-/brace-expansion-1.1.8.tgz#c07b211c7c952ec1f8efd51a77ef0d1d3990a292"
  dependencies:
    balanced-match "^1.0.0"
    concat-map "0.0.1"

browser-stdout@1.3.0:
  version "1.3.0"
  resolved "https://registry.yarnpkg.com/browser-stdout/-/browser-stdout-1.3.0.tgz#f351d32969d32fa5d7a5567154263d928ae3bd1f"

browserslist@^3.2.8:
  version "3.2.8"
  resolved "https://registry.yarnpkg.com/browserslist/-/browserslist-3.2.8.tgz#b0005361d6471f0f5952797a76fc985f1f978fc6"
  dependencies:
    caniuse-lite "^1.0.30000844"
    electron-to-chromium "^1.3.47"

caniuse-lite@^1.0.30000844, caniuse-lite@^1.0.30000864, caniuse-lite@^1.0.30000865:
  version "1.0.30000889"
  resolved "https://registry.yarnpkg.com/caniuse-lite/-/caniuse-lite-1.0.30000889.tgz#53e266c83e725ad3bd2e4a3ea76d5031a8aa4c3e"

chalk@^1.1.3:
  version "1.1.3"
  resolved "http://registry.npmjs.org/chalk/-/chalk-1.1.3.tgz#a8115c55e4a702fe4d150abd3872822a7e09fc98"
  dependencies:
    ansi-styles "^2.2.1"
    escape-string-regexp "^1.0.2"
    has-ansi "^2.0.0"
    strip-ansi "^3.0.0"
    supports-color "^2.0.0"

chalk@^2.1.0:
  version "2.1.0"
  resolved "https://registry.yarnpkg.com/chalk/-/chalk-2.1.0.tgz#ac5becf14fa21b99c6c92ca7a7d7cfd5b17e743e"
  dependencies:
    ansi-styles "^3.1.0"
    escape-string-regexp "^1.0.5"
    supports-color "^4.0.0"

chalk@^2.4.1:
  version "2.4.1"
  resolved "https://registry.yarnpkg.com/chalk/-/chalk-2.4.1.tgz#18c49ab16a037b6eb0152cc83e3471338215b66e"
  dependencies:
    ansi-styles "^3.2.1"
    escape-string-regexp "^1.0.5"
    supports-color "^5.3.0"

color-convert@^1.8.2, color-convert@^1.9.0:
  version "1.9.0"
  resolved "https://registry.yarnpkg.com/color-convert/-/color-convert-1.9.0.tgz#1accf97dd739b983bf994d56fec8f95853641b7a"
  dependencies:
    color-name "^1.1.1"

color-name@^1.0.0, color-name@^1.1.1:
  version "1.1.3"
  resolved "https://registry.yarnpkg.com/color-name/-/color-name-1.1.3.tgz#a7d0558bd89c42f795dd42328f740831ca53bc25"

color-string@^1.4.0:
  version "1.5.2"
  resolved "https://registry.yarnpkg.com/color-string/-/color-string-1.5.2.tgz#26e45814bc3c9a7cbd6751648a41434514a773a9"
  dependencies:
    color-name "^1.0.0"
    simple-swizzle "^0.2.2"

color@^1.0.3:
  version "1.0.3"
  resolved "https://registry.yarnpkg.com/color/-/color-1.0.3.tgz#e48e832d85f14ef694fb468811c2d5cfe729b55d"
  dependencies:
    color-convert "^1.8.2"
    color-string "^1.4.0"

commander@2.11.0:
  version "2.11.0"
  resolved "https://registry.yarnpkg.com/commander/-/commander-2.11.0.tgz#157152fd1e7a6c8d98a5b715cf376df928004563"

concat-map@0.0.1:
  version "0.0.1"
  resolved "https://registry.yarnpkg.com/concat-map/-/concat-map-0.0.1.tgz#d8a96bd77fd68df7793a73036a3ba0d5405d477b"

cosmiconfig@^2.1.1:
  version "2.2.2"
  resolved "https://registry.yarnpkg.com/cosmiconfig/-/cosmiconfig-2.2.2.tgz#6173cebd56fac042c1f4390edf7af6c07c7cb892"
  dependencies:
    is-directory "^0.3.1"
    js-yaml "^3.4.3"
    minimist "^1.2.0"
    object-assign "^4.1.0"
    os-homedir "^1.0.1"
    parse-json "^2.2.0"
    require-from-string "^1.1.0"

cssdb@^3.1.0:
  version "3.2.1"
  resolved "https://registry.yarnpkg.com/cssdb/-/cssdb-3.2.1.tgz#65e7dc90be476ce5b6e567b19f3bd73a8c66bcb5"

cssesc@^1.0.1:
  version "1.0.1"
  resolved "https://registry.yarnpkg.com/cssesc/-/cssesc-1.0.1.tgz#ef7bd8d0229ed6a3a7051ff7771265fe7330e0a8"

deasync@^0.1.13:
  version "0.1.13"
  resolved "https://registry.yarnpkg.com/deasync/-/deasync-0.1.13.tgz#815c2b69bbd1117cae570152cd895661c09f20ea"
  dependencies:
    bindings "~1.2.1"
    nan "^2.0.7"

debug@3.1.0:
  version "3.1.0"
  resolved "https://registry.yarnpkg.com/debug/-/debug-3.1.0.tgz#5bb5a0672628b64149566ba16819e61518c67261"
  dependencies:
    ms "2.0.0"

diff@3.3.1:
  version "3.3.1"
  resolved "https://registry.yarnpkg.com/diff/-/diff-3.3.1.tgz#aa8567a6eed03c531fc89d3f711cd0e5259dec75"

dot-prop@^4.1.1:
  version "4.2.0"
  resolved "https://registry.yarnpkg.com/dot-prop/-/dot-prop-4.2.0.tgz#1f19e0c2e1aa0e32797c49799f2837ac6af69c57"
  dependencies:
    is-obj "^1.0.0"

electron-to-chromium@^1.3.47:
  version "1.3.75"
  resolved "https://registry.yarnpkg.com/electron-to-chromium/-/electron-to-chromium-1.3.75.tgz#dd04551739e7371862b0ac7f4ddaa9f3f95b7e68"

error-ex@^1.2.0:
  version "1.3.1"
  resolved "https://registry.yarnpkg.com/error-ex/-/error-ex-1.3.1.tgz#f855a86ce61adc4e8621c3cda21e7a7612c3a8dc"
  dependencies:
    is-arrayish "^0.2.1"

escape-string-regexp@1.0.5, escape-string-regexp@^1.0.2, escape-string-regexp@^1.0.5:
  version "1.0.5"
  resolved "https://registry.yarnpkg.com/escape-string-regexp/-/escape-string-regexp-1.0.5.tgz#1b61c0562190a8dff6ae3bb2cf0200ca130b86d4"

esprima@^4.0.0:
  version "4.0.0"
  resolved "https://registry.yarnpkg.com/esprima/-/esprima-4.0.0.tgz#4499eddcd1110e0b218bacf2fa7f7f59f55ca804"

flatten@^1.0.2:
  version "1.0.2"
  resolved "https://registry.yarnpkg.com/flatten/-/flatten-1.0.2.tgz#dae46a9d78fbe25292258cc1e780a41d95c03782"

fs.realpath@^1.0.0:
  version "1.0.0"
  resolved "https://registry.yarnpkg.com/fs.realpath/-/fs.realpath-1.0.0.tgz#1504ad2523158caa40db4a2787cb01411994ea4f"

glob@7.1.2, glob@^7.0.3:
  version "7.1.2"
  resolved "https://registry.yarnpkg.com/glob/-/glob-7.1.2.tgz#c19c9df9a028702d678612384a6552404c636d15"
  dependencies:
    fs.realpath "^1.0.0"
    inflight "^1.0.4"
    inherits "2"
    minimatch "^3.0.4"
    once "^1.3.0"
    path-is-absolute "^1.0.0"

globby@^6.1.0:
  version "6.1.0"
  resolved "https://registry.yarnpkg.com/globby/-/globby-6.1.0.tgz#f5a6d70e8395e21c858fb0489d64df02424d506c"
  dependencies:
    array-union "^1.0.1"
    glob "^7.0.3"
    object-assign "^4.0.1"
    pify "^2.0.0"
    pinkie-promise "^2.0.0"

growl@1.10.3:
  version "1.10.3"
  resolved "https://registry.yarnpkg.com/growl/-/growl-1.10.3.tgz#1926ba90cf3edfe2adb4927f5880bc22c66c790f"

has-ansi@^2.0.0:
  version "2.0.0"
  resolved "https://registry.yarnpkg.com/has-ansi/-/has-ansi-2.0.0.tgz#34f5049ce1ecdf2b0649af3ef24e45ed35416d91"
  dependencies:
    ansi-regex "^2.0.0"

has-flag@^1.0.0:
  version "1.0.0"
  resolved "https://registry.yarnpkg.com/has-flag/-/has-flag-1.0.0.tgz#9d9e793165ce017a00f00418c43f942a7b1d11fa"

has-flag@^2.0.0:
  version "2.0.0"
  resolved "https://registry.yarnpkg.com/has-flag/-/has-flag-2.0.0.tgz#e8207af1cc7b30d446cc70b734b5e8be18f88d51"

has-flag@^3.0.0:
  version "3.0.0"
  resolved "https://registry.yarnpkg.com/has-flag/-/has-flag-3.0.0.tgz#b5d454dc2199ae225699f3467e5a07f3b955bafd"

he@1.1.1:
  version "1.1.1"
  resolved "https://registry.yarnpkg.com/he/-/he-1.1.1.tgz#93410fd21b009735151f8868c2f271f3427e23fd"

indexes-of@^1.0.1:
  version "1.0.1"
  resolved "https://registry.yarnpkg.com/indexes-of/-/indexes-of-1.0.1.tgz#f30f716c8e2bd346c7b67d3df3915566a7c05607"

inflight@^1.0.4:
  version "1.0.6"
  resolved "https://registry.yarnpkg.com/inflight/-/inflight-1.0.6.tgz#49bd6331d7d02d0c09bc910a1075ba8165b56df9"
  dependencies:
    once "^1.3.0"
    wrappy "1"

inherits@2:
  version "2.0.3"
  resolved "https://registry.yarnpkg.com/inherits/-/inherits-2.0.3.tgz#633c2c83e3da42a502f52466022480f4208261de"

is-arrayish@^0.2.1:
  version "0.2.1"
  resolved "https://registry.yarnpkg.com/is-arrayish/-/is-arrayish-0.2.1.tgz#77c99840527aa8ecb1a8ba697b80645a7a926a9d"

is-arrayish@^0.3.1:
  version "0.3.1"
  resolved "https://registry.yarnpkg.com/is-arrayish/-/is-arrayish-0.3.1.tgz#c2dfc386abaa0c3e33c48db3fe87059e69065efd"

is-directory@^0.3.1:
  version "0.3.1"
  resolved "https://registry.yarnpkg.com/is-directory/-/is-directory-0.3.1.tgz#61339b6f2475fc772fd9c9d83f5c8575dc154ae1"

is-extglob@^2.1.1:
  version "2.1.1"
  resolved "https://registry.yarnpkg.com/is-extglob/-/is-extglob-2.1.1.tgz#a88c02535791f02ed37c76a1b9ea9773c833f8c2"

is-glob@^4.0.0:
  version "4.0.0"
  resolved "https://registry.yarnpkg.com/is-glob/-/is-glob-4.0.0.tgz#9521c76845cc2610a85203ddf080a958c2ffabc0"
  dependencies:
    is-extglob "^2.1.1"

is-obj@^1.0.0:
  version "1.0.1"
  resolved "http://registry.npmjs.org/is-obj/-/is-obj-1.0.1.tgz#3e4729ac1f5fde025cd7d83a896dab9f4f67db0f"

js-base64@^2.1.9:
  version "2.4.9"
  resolved "https://registry.yarnpkg.com/js-base64/-/js-base64-2.4.9.tgz#748911fb04f48a60c4771b375cac45a80df11c03"

js-yaml@^3.4.3:
  version "3.10.0"
  resolved "https://registry.yarnpkg.com/js-yaml/-/js-yaml-3.10.0.tgz#2e78441646bd4682e963f22b6e92823c309c62dc"
  dependencies:
    argparse "^1.0.7"
    esprima "^4.0.0"

lodash._reinterpolate@~3.0.0:
  version "3.0.0"
  resolved "https://registry.yarnpkg.com/lodash._reinterpolate/-/lodash._reinterpolate-3.0.0.tgz#0ccf2d89166af03b3663c796538b75ac6e114d9d"

lodash.template@^4.2.4:
  version "4.4.0"
  resolved "https://registry.yarnpkg.com/lodash.template/-/lodash.template-4.4.0.tgz#e73a0385c8355591746e020b99679c690e68fba0"
  dependencies:
    lodash._reinterpolate "~3.0.0"
    lodash.templatesettings "^4.0.0"

lodash.templatesettings@^4.0.0:
  version "4.1.0"
  resolved "https://registry.yarnpkg.com/lodash.templatesettings/-/lodash.templatesettings-4.1.0.tgz#2b4d4e95ba440d915ff08bc899e4553666713316"
  dependencies:
    lodash._reinterpolate "~3.0.0"

lodash@^4.17.4:
  version "4.17.4"
  resolved "https://registry.yarnpkg.com/lodash/-/lodash-4.17.4.tgz#78203a4d1c328ae1d86dca6460e369b57f4055ae"

minimatch@^3.0.4:
  version "3.0.4"
  resolved "https://registry.yarnpkg.com/minimatch/-/minimatch-3.0.4.tgz#5166e286457f03306064be5497e8dbb0c3d32083"
  dependencies:
    brace-expansion "^1.1.7"

minimist@0.0.8:
  version "0.0.8"
  resolved "https://registry.yarnpkg.com/minimist/-/minimist-0.0.8.tgz#857fcabfc3397d2625b8228262e86aa7a011b05d"

minimist@^1.2.0:
  version "1.2.0"
  resolved "https://registry.yarnpkg.com/minimist/-/minimist-1.2.0.tgz#a35008b20f41383eec1fb914f4cd5df79a264284"

mkdirp@0.5.1:
  version "0.5.1"
  resolved "https://registry.yarnpkg.com/mkdirp/-/mkdirp-0.5.1.tgz#30057438eac6cf7f8c4767f38648d6697d75c903"
  dependencies:
    minimist "0.0.8"

mocha@^4.0.1:
  version "4.0.1"
  resolved "https://registry.yarnpkg.com/mocha/-/mocha-4.0.1.tgz#0aee5a95cf69a4618820f5e51fa31717117daf1b"
  dependencies:
    browser-stdout "1.3.0"
    commander "2.11.0"
    debug "3.1.0"
    diff "3.3.1"
    escape-string-regexp "1.0.5"
    glob "7.1.2"
    growl "1.10.3"
    he "1.1.1"
    mkdirp "0.5.1"
    supports-color "4.4.0"

ms@2.0.0:
  version "2.0.0"
  resolved "https://registry.yarnpkg.com/ms/-/ms-2.0.0.tgz#5608aeadfc00be6c2901df5f9861788de0d597c8"

nan@^2.0.7:
  version "2.7.0"
  resolved "https://registry.yarnpkg.com/nan/-/nan-2.7.0.tgz#d95bf721ec877e08db276ed3fc6eb78f9083ad46"

normalize-range@^0.1.2:
  version "0.1.2"
  resolved "https://registry.yarnpkg.com/normalize-range/-/normalize-range-0.1.2.tgz#2d10c06bdfd312ea9777695a4d28439456b75942"

num2fraction@^1.2.2:
  version "1.2.2"
  resolved "https://registry.yarnpkg.com/num2fraction/-/num2fraction-1.2.2.tgz#6f682b6a027a4e9ddfa4564cd2589d1d4e669ede"

object-assign@^4.0.1, object-assign@^4.1.0:
  version "4.1.1"
  resolved "https://registry.yarnpkg.com/object-assign/-/object-assign-4.1.1.tgz#2109adc7965887cfc05cbbd442cac8bfbb360863"

once@^1.3.0:
  version "1.4.0"
  resolved "https://registry.yarnpkg.com/once/-/once-1.4.0.tgz#583b1aa775961d4b113ac17d9c50baef9dd76bd1"
  dependencies:
    wrappy "1"

os-homedir@^1.0.1:
  version "1.0.2"
  resolved "https://registry.yarnpkg.com/os-homedir/-/os-homedir-1.0.2.tgz#ffbc4988336e0e833de0c168c7ef152121aa7fb3"

parse-json@^2.2.0:
  version "2.2.0"
  resolved "https://registry.yarnpkg.com/parse-json/-/parse-json-2.2.0.tgz#f480f40434ef80741f8469099f8dea18f55a4dc9"
  dependencies:
    error-ex "^1.2.0"

path-is-absolute@^1.0.0:
  version "1.0.1"
  resolved "https://registry.yarnpkg.com/path-is-absolute/-/path-is-absolute-1.0.1.tgz#174b9268735534ffbc7ace6bf53a5a9e1b5c5f5f"

path-parse@^1.0.5:
  version "1.0.5"
  resolved "https://registry.yarnpkg.com/path-parse/-/path-parse-1.0.5.tgz#3c1adf871ea9cd6c9431b6ea2bd74a0ff055c4c1"

pify@^2.0.0, pify@^2.3.0:
  version "2.3.0"
  resolved "https://registry.yarnpkg.com/pify/-/pify-2.3.0.tgz#ed141a6ac043a849ea588498e7dca8b15330e90c"

pify@^3.0.0:
  version "3.0.0"
  resolved "https://registry.yarnpkg.com/pify/-/pify-3.0.0.tgz#e5a4acd2c101fdf3d9a4d07f0dbc4db49dd28176"

pinkie-promise@^2.0.0:
  version "2.0.1"
  resolved "https://registry.yarnpkg.com/pinkie-promise/-/pinkie-promise-2.0.1.tgz#2135d6dfa7a358c069ac9b178776288228450ffa"
  dependencies:
    pinkie "^2.0.0"

pinkie@^2.0.0:
  version "2.0.4"
  resolved "https://registry.yarnpkg.com/pinkie/-/pinkie-2.0.4.tgz#72556b80cfa0d48a974e80e77248e80ed4f7f870"

postcss-attribute-case-insensitive@^3.0.1:
  version "3.0.1"
  resolved "https://registry.yarnpkg.com/postcss-attribute-case-insensitive/-/postcss-attribute-case-insensitive-3.0.1.tgz#efd2c40b5d3d27dfab5678073bf652f76eaf4352"
  dependencies:
    postcss "^6.0.23"
    postcss-selector-parser "^4.0.0"

postcss-color-functional-notation@^1.0.2:
  version "1.0.2"
  resolved "https://registry.yarnpkg.com/postcss-color-functional-notation/-/postcss-color-functional-notation-1.0.2.tgz#836fbc5e88a4ebd958ba6a3f9e2dad7792166c9f"
  dependencies:
    postcss "^6.0.23"
    postcss-values-parser "^1.5.0"

postcss-color-hex-alpha@^3.0.0:
  version "3.0.0"
  resolved "https://registry.yarnpkg.com/postcss-color-hex-alpha/-/postcss-color-hex-alpha-3.0.0.tgz#1e53e6c8acb237955e8fd08b7ecdb1b8b8309f95"
  dependencies:
    color "^1.0.3"
    postcss "^6.0.1"
    postcss-message-helpers "^2.0.0"

postcss-color-mod-function@^2.4.3:
  version "2.4.3"
  resolved "https://registry.yarnpkg.com/postcss-color-mod-function/-/postcss-color-mod-function-2.4.3.tgz#14a97f5b17a5f19396e9dea7ffcb5be732592baf"
  dependencies:
    "@csstools/convert-colors" "^1.4.0"
    postcss "^6.0.23"
    postcss-values-parser "^1.5.0"

postcss-color-rebeccapurple@^3.1.0:
  version "3.1.0"
  resolved "https://registry.yarnpkg.com/postcss-color-rebeccapurple/-/postcss-color-rebeccapurple-3.1.0.tgz#ce1269ecc2d0d8bf92aab44bd884e633124c33ec"
  dependencies:
    postcss "^6.0.22"
    postcss-values-parser "^1.5.0"

postcss-custom-media@^6.0.0:
  version "6.0.0"
  resolved "https://registry.yarnpkg.com/postcss-custom-media/-/postcss-custom-media-6.0.0.tgz#be532784110ecb295044fb5395a18006eb21a737"
  dependencies:
    postcss "^6.0.1"

postcss-custom-properties@^7.0.0:
  version "7.0.0"
  resolved "http://registry.npmjs.org/postcss-custom-properties/-/postcss-custom-properties-7.0.0.tgz#24dc4fbe6d6ed550ea4fd3b11204660e9ffa3b33"
  dependencies:
    balanced-match "^1.0.0"
    postcss "^6.0.18"

postcss-custom-selectors@^4.0.1:
  version "4.0.1"
  resolved "https://registry.yarnpkg.com/postcss-custom-selectors/-/postcss-custom-selectors-4.0.1.tgz#781382f94c52e727ef5ca4776ea2adf49a611382"
  dependencies:
    postcss "^6.0.1"
    postcss-selector-matches "^3.0.0"

postcss-dir-pseudo-class@^4.0.0:
  version "4.0.0"
  resolved "https://registry.yarnpkg.com/postcss-dir-pseudo-class/-/postcss-dir-pseudo-class-4.0.0.tgz#007dba154a0750cb3095eeae01077088a61dcef5"
  dependencies:
    postcss "^6.0.22"
    postcss-selector-parser "^4.0.0"

postcss-easy-import@^3.0.0:
  version "3.0.0"
  resolved "https://registry.yarnpkg.com/postcss-easy-import/-/postcss-easy-import-3.0.0.tgz#8eaaf5ae59566083d0cae98735dfd803e3ab194d"
  dependencies:
    globby "^6.1.0"
    is-glob "^4.0.0"
    lodash "^4.17.4"
    object-assign "^4.0.1"
    pify "^3.0.0"
    postcss "^6.0.11"
    postcss-import "^10.0.0"
    resolve "^1.1.7"

postcss-env-function@^1.0.0:
  version "1.0.0"
  resolved "https://registry.yarnpkg.com/postcss-env-function/-/postcss-env-function-1.0.0.tgz#0d81b53b3d789d55d1cac8125ec64f89e916a2f7"
  dependencies:
    postcss "^6.0.22"
    postcss-values-parser "^1.5.0"

postcss-focus-visible@^3.0.0:
  version "3.0.0"
  resolved "http://registry.npmjs.org/postcss-focus-visible/-/postcss-focus-visible-3.0.0.tgz#c105b9d97e83c6a60cf3af34245ae451b326fb54"
  dependencies:
    postcss "^6.0"

postcss-focus-within@^2.0.0:
  version "2.0.0"
  resolved "http://registry.npmjs.org/postcss-focus-within/-/postcss-focus-within-2.0.0.tgz#7ff76ad8b5e9a000c0123d9690a76752c36c0c52"
  dependencies:
    postcss "^6.0.21"

postcss-font-family-system-ui@^3.0.0:
  version "3.0.0"
  resolved "https://registry.yarnpkg.com/postcss-font-family-system-ui/-/postcss-font-family-system-ui-3.0.0.tgz#675fe7a9e029669f05f8dba2e44c2225ede80623"
  dependencies:
    postcss "^6.0"

postcss-font-variant@^3.0.0:
  version "3.0.0"
  resolved "https://registry.yarnpkg.com/postcss-font-variant/-/postcss-font-variant-3.0.0.tgz#08ccc88f6050ba82ed8ef2cc76c0c6a6b41f183e"
  dependencies:
    postcss "^6.0.1"

postcss-gap-properties@^1.0.0:
  version "1.0.0"
  resolved "https://registry.yarnpkg.com/postcss-gap-properties/-/postcss-gap-properties-1.0.0.tgz#2a43bed20d73fc9744e3b869610711ee72db58af"
  dependencies:
    postcss "^6.0.22"

postcss-image-set-function@^2.0.0:
  version "2.0.0"
  resolved "https://registry.yarnpkg.com/postcss-image-set-function/-/postcss-image-set-function-2.0.0.tgz#3f43f25bc242ec1319c4bd879ccfd62ee5256feb"
  dependencies:
    postcss "^6.0.22"
    postcss-values-parser "^1.5.0"

postcss-import@^10.0.0:
  version "10.0.0"
  resolved "https://registry.yarnpkg.com/postcss-import/-/postcss-import-10.0.0.tgz#4c85c97b099136cc5ea0240dc1dfdbfde4e2ebbe"
  dependencies:
    object-assign "^4.0.1"
    postcss "^6.0.1"
    postcss-value-parser "^3.2.3"
    read-cache "^1.0.0"
    resolve "^1.1.7"

postcss-initial@^2.0.0:
  version "2.0.0"
  resolved "https://registry.yarnpkg.com/postcss-initial/-/postcss-initial-2.0.0.tgz#72715f7336e0bb79351d99ee65c4a253a8441ba4"
  dependencies:
    lodash.template "^4.2.4"
    postcss "^6.0.1"

postcss-lab-function@^1.1.0:
  version "1.1.0"
  resolved "https://registry.yarnpkg.com/postcss-lab-function/-/postcss-lab-function-1.1.0.tgz#1965cd4cfb380601129f29c59797a0df13463f48"
  dependencies:
    "@csstools/convert-colors" "^1.4.0"
    postcss "^6.0.23"
    postcss-values-parser "^1.5.0"

postcss-load-plugins@^2.3.0:
  version "2.3.0"
  resolved "https://registry.yarnpkg.com/postcss-load-plugins/-/postcss-load-plugins-2.3.0.tgz#745768116599aca2f009fad426b00175049d8d92"
  dependencies:
    cosmiconfig "^2.1.1"
    object-assign "^4.1.0"

postcss-logical@^1.1.1:
  version "1.1.1"
  resolved "http://registry.npmjs.org/postcss-logical/-/postcss-logical-1.1.1.tgz#bcabf0638d8aa747743b32bc52f9d90d4a3313d2"
  dependencies:
    postcss "^6.0.20"

postcss-media-minmax@^3.0.0:
  version "3.0.0"
  resolved "https://registry.yarnpkg.com/postcss-media-minmax/-/postcss-media-minmax-3.0.0.tgz#675256037a43ef40bc4f0760bfd06d4dc69d48d2"
  dependencies:
    postcss "^6.0.1"

postcss-message-helpers@^2.0.0:
  version "2.0.0"
  resolved "https://registry.yarnpkg.com/postcss-message-helpers/-/postcss-message-helpers-2.0.0.tgz#a4f2f4fab6e4fe002f0aed000478cdf52f9ba60e"

postcss-nested@^3.0.0:
  version "3.0.0"
  resolved "https://registry.yarnpkg.com/postcss-nested/-/postcss-nested-3.0.0.tgz#cde40bd07a078565f3df72e2dc2665871c724852"
  dependencies:
    postcss "^6.0.14"
    postcss-selector-parser "^3.1.1"

postcss-nesting@^6.0.0:
  version "6.0.0"
  resolved "https://registry.yarnpkg.com/postcss-nesting/-/postcss-nesting-6.0.0.tgz#4c45276a065765ec063efe1e4daf75c131518991"
  dependencies:
    postcss "^6.0.22"

postcss-overflow-shorthand@^1.0.1:
  version "1.0.1"
  resolved "https://registry.yarnpkg.com/postcss-overflow-shorthand/-/postcss-overflow-shorthand-1.0.1.tgz#f72cc216f770f1ab712863dcce9bc32f774b2b74"
  dependencies:
    postcss "^6.0.22"

postcss-page-break@^1.0.0:
  version "1.0.0"
  resolved "http://registry.npmjs.org/postcss-page-break/-/postcss-page-break-1.0.0.tgz#09a63b6e03db092d38569b33dcba42a343ace60b"
  dependencies:
    postcss "^6.0.16"

postcss-place@^3.0.1:
  version "3.0.1"
  resolved "https://registry.yarnpkg.com/postcss-place/-/postcss-place-3.0.1.tgz#95b0aeedd1302fe898c77ef6392cd1cfa7b23dd8"
  dependencies:
    postcss "^6.0.22"
    postcss-values-parser "^1.5.0"

postcss-preset-env@^5.3.0:
  version "5.3.0"
  resolved "https://registry.yarnpkg.com/postcss-preset-env/-/postcss-preset-env-5.3.0.tgz#568939a1c03e950ced2bdfe32822c316ac7d0b7f"
  dependencies:
    autoprefixer "^8.6.5"
    browserslist "^3.2.8"
    caniuse-lite "^1.0.30000865"
    cssdb "^3.1.0"
    postcss "^6.0.23"
    postcss-attribute-case-insensitive "^3.0.1"
    postcss-color-functional-notation "^1.0.2"
    postcss-color-hex-alpha "^3.0.0"
    postcss-color-mod-function "^2.4.3"
    postcss-color-rebeccapurple "^3.1.0"
    postcss-custom-media "^6.0.0"
    postcss-custom-properties "^7.0.0"
    postcss-custom-selectors "^4.0.1"
    postcss-dir-pseudo-class "^4.0.0"
    postcss-env-function "^1.0.0"
    postcss-focus-visible "^3.0.0"
    postcss-focus-within "^2.0.0"
    postcss-font-family-system-ui "^3.0.0"
    postcss-font-variant "^3.0.0"
    postcss-gap-properties "^1.0.0"
    postcss-image-set-function "^2.0.0"
    postcss-initial "^2.0.0"
    postcss-lab-function "^1.1.0"
    postcss-logical "^1.1.1"
    postcss-media-minmax "^3.0.0"
    postcss-nesting "^6.0.0"
    postcss-overflow-shorthand "^1.0.1"
    postcss-page-break "^1.0.0"
    postcss-place "^3.0.1"
    postcss-pseudo-class-any-link "^5.0.0"
    postcss-replace-overflow-wrap "^2.0.0"
    postcss-selector-matches "^3.0.1"
    postcss-selector-not "^3.0.1"

postcss-pseudo-class-any-link@^5.0.0:
  version "5.0.0"
  resolved "https://registry.yarnpkg.com/postcss-pseudo-class-any-link/-/postcss-pseudo-class-any-link-5.0.0.tgz#9979a55a75956c402c5d270a667632cf8ee8eccb"
  dependencies:
    postcss "^6.0.22"
    postcss-selector-parser "^4.0.0"

postcss-replace-overflow-wrap@^2.0.0:
  version "2.0.0"
  resolved "https://registry.yarnpkg.com/postcss-replace-overflow-wrap/-/postcss-replace-overflow-wrap-2.0.0.tgz#794db6faa54f8db100854392a93af45768b4e25b"
  dependencies:
    postcss "^6.0.1"

postcss-selector-matches@^3.0.0, postcss-selector-matches@^3.0.1:
  version "3.0.1"
  resolved "https://registry.yarnpkg.com/postcss-selector-matches/-/postcss-selector-matches-3.0.1.tgz#e5634011e13950881861bbdd58c2d0111ffc96ab"
  dependencies:
    balanced-match "^0.4.2"
    postcss "^6.0.1"

postcss-selector-not@^3.0.1:
  version "3.0.1"
  resolved "https://registry.yarnpkg.com/postcss-selector-not/-/postcss-selector-not-3.0.1.tgz#2e4db2f0965336c01e7cec7db6c60dff767335d9"
  dependencies:
    balanced-match "^0.4.2"
    postcss "^6.0.1"

postcss-selector-parser@^3.1.1:
  version "3.1.1"
  resolved "https://registry.yarnpkg.com/postcss-selector-parser/-/postcss-selector-parser-3.1.1.tgz#4f875f4afb0c96573d5cf4d74011aee250a7e865"
  dependencies:
    dot-prop "^4.1.1"
    indexes-of "^1.0.1"
    uniq "^1.0.1"

postcss-selector-parser@^4.0.0:
  version "4.0.0"
  resolved "https://registry.yarnpkg.com/postcss-selector-parser/-/postcss-selector-parser-4.0.0.tgz#50c6570f40579036d8e63f23e6c0626fe5743527"
  dependencies:
    cssesc "^1.0.1"
    indexes-of "^1.0.1"
    uniq "^1.0.1"

postcss-spiffing@^0.1.0:
  version "0.1.0"
  resolved "https://registry.yarnpkg.com/postcss-spiffing/-/postcss-spiffing-0.1.0.tgz#251b22a97998cb4fef60519ad99e7f4671d2f252"
  dependencies:
    postcss "^5.0.19"

postcss-value-parser@^3.2.3:
  version "3.3.0"
  resolved "https://registry.yarnpkg.com/postcss-value-parser/-/postcss-value-parser-3.3.0.tgz#87f38f9f18f774a4ab4c8a232f5c5ce8872a9d15"

postcss-values-parser@^1.5.0:
  version "1.5.0"
  resolved "http://registry.npmjs.org/postcss-values-parser/-/postcss-values-parser-1.5.0.tgz#5d9fa63e2bcb0179ce48f3235303765eb89f3047"
  dependencies:
    flatten "^1.0.2"
    indexes-of "^1.0.1"
    uniq "^1.0.1"

postcss@^5.0.19:
  version "5.2.18"
  resolved "https://registry.yarnpkg.com/postcss/-/postcss-5.2.18.tgz#badfa1497d46244f6390f58b319830d9107853c5"
  dependencies:
    chalk "^1.1.3"
    js-base64 "^2.1.9"
    source-map "^0.5.6"
    supports-color "^3.2.3"

postcss@^6.0, postcss@^6.0.14, postcss@^6.0.16, postcss@^6.0.18, postcss@^6.0.20, postcss@^6.0.21, postcss@^6.0.22, postcss@^6.0.23:
  version "6.0.23"
  resolved "https://registry.yarnpkg.com/postcss/-/postcss-6.0.23.tgz#61c82cc328ac60e677645f979054eb98bc0e3324"
  dependencies:
    chalk "^2.4.1"
    source-map "^0.6.1"
    supports-color "^5.4.0"

postcss@^6.0.1, postcss@^6.0.11:
  version "6.0.13"
  resolved "https://registry.yarnpkg.com/postcss/-/postcss-6.0.13.tgz#b9ecab4ee00c89db3ec931145bd9590bbf3f125f"
  dependencies:
    chalk "^2.1.0"
    source-map "^0.6.1"
    supports-color "^4.4.0"

postcss@^7.0.2:
  version "7.0.5"
  resolved "https://registry.yarnpkg.com/postcss/-/postcss-7.0.5.tgz#70e6443e36a6d520b0fd4e7593fcca3635ee9f55"
  dependencies:
    chalk "^2.4.1"
    source-map "^0.6.1"
    supports-color "^5.5.0"

read-cache@^1.0.0:
  version "1.0.0"
  resolved "https://registry.yarnpkg.com/read-cache/-/read-cache-1.0.0.tgz#e664ef31161166c9751cdbe8dbcf86b5fb58f774"
  dependencies:
    pify "^2.3.0"

require-from-string@^1.1.0:
  version "1.2.1"
  resolved "https://registry.yarnpkg.com/require-from-string/-/require-from-string-1.2.1.tgz#529c9ccef27380adfec9a2f965b649bbee636418"

resolve@^1.1.7:
  version "1.4.0"
  resolved "https://registry.yarnpkg.com/resolve/-/resolve-1.4.0.tgz#a75be01c53da25d934a98ebd0e4c4a7312f92a86"
  dependencies:
    path-parse "^1.0.5"

simple-swizzle@^0.2.2:
  version "0.2.2"
  resolved "https://registry.yarnpkg.com/simple-swizzle/-/simple-swizzle-0.2.2.tgz#a4da6b635ffcccca33f70d17cb92592de95e557a"
  dependencies:
    is-arrayish "^0.3.1"

source-map@^0.5.6:
  version "0.5.7"
  resolved "https://registry.yarnpkg.com/source-map/-/source-map-0.5.7.tgz#8a039d2d1021d22d1ea14c80d8ea468ba2ef3fcc"

source-map@^0.6.1:
  version "0.6.1"
  resolved "https://registry.yarnpkg.com/source-map/-/source-map-0.6.1.tgz#74722af32e9614e9c287a8d0bbde48b5e2f1a263"

sprintf-js@~1.0.2:
  version "1.0.3"
  resolved "https://registry.yarnpkg.com/sprintf-js/-/sprintf-js-1.0.3.tgz#04e6926f662895354f3dd015203633b857297e2c"

strip-ansi@^3.0.0:
  version "3.0.1"
  resolved "http://registry.npmjs.org/strip-ansi/-/strip-ansi-3.0.1.tgz#6a385fb8853d952d5ff05d0e8aaf94278dc63dcf"
  dependencies:
    ansi-regex "^2.0.0"

supports-color@4.4.0, supports-color@^4.0.0, supports-color@^4.4.0:
  version "4.4.0"
  resolved "https://registry.yarnpkg.com/supports-color/-/supports-color-4.4.0.tgz#883f7ddabc165142b2a61427f3352ded195d1a3e"
  dependencies:
    has-flag "^2.0.0"

supports-color@^2.0.0:
  version "2.0.0"
  resolved "https://registry.yarnpkg.com/supports-color/-/supports-color-2.0.0.tgz#535d045ce6b6363fa40117084629995e9df324c7"

supports-color@^3.2.3:
  version "3.2.3"
  resolved "https://registry.yarnpkg.com/supports-color/-/supports-color-3.2.3.tgz#65ac0504b3954171d8a64946b2ae3cbb8a5f54f6"
  dependencies:
    has-flag "^1.0.0"

supports-color@^5.3.0, supports-color@^5.4.0, supports-color@^5.5.0:
  version "5.5.0"
  resolved "https://registry.yarnpkg.com/supports-color/-/supports-color-5.5.0.tgz#e2e69a44ac8772f78a1ec0b35b689df6530efc8f"
  dependencies:
    has-flag "^3.0.0"

uniq@^1.0.1:
  version "1.0.1"
  resolved "https://registry.yarnpkg.com/uniq/-/uniq-1.0.1.tgz#b31c5ae8254844a3a8281541ce2b04b865a734ff"

wrappy@1:
  version "1.0.2"
  resolved "https://registry.yarnpkg.com/wrappy/-/wrappy-1.0.2.tgz#b5243d8f3ec1aa35f1364605bc0d1036e30ab69f"
